
Microsoft Visual Studio Solution File, Format Version 12.00
# Visual Studio 15
VisualStudioVersion = 15.0.26430.6
MinimumVisualStudioVersion = 10.0.40219.1
Project("{D954291E-2A0B-460D-934E-DC6B0785DB48}") = "GalacticTrader", "GalacticTrader\GalacticTrader\GalacticTrader.shproj", "{1E1BCD35-5364-43A8-8DB6-9AF491E32162}"
EndProject
Project("{FAE04EC0-301F-11D3-BF4B-00C04F79EFBC}") = "GalacticTrader.Android", "GalacticTrader\GalacticTrader.Android\GalacticTrader.Android.csproj", "{31A2164F-E1A9-466D-AAA5-18D27A443ED7}"
EndProject
Project("{FAE04EC0-301F-11D3-BF4B-00C04F79EFBC}") = "GalacticTrader.iOS", "GalacticTrader\GalacticTrader.iOS\GalacticTrader.iOS.csproj", "{4DB22BE2-9AAB-42AF-A061-006D6CB0B31E}"
EndProject
Project("{FAE04EC0-301F-11D3-BF4B-00C04F79EFBC}") = "GalacticTrader.UWP", "GalacticTrader\GalacticTrader.UWP\GalacticTrader.UWP.csproj", "{064932CF-5AF2-4E1C-ADD5-E76373FDCF3E}"
EndProject
Global
	GlobalSection(SharedMSBuildProjectFiles) = preSolution
		GalacticTrader\GalacticTrader\GalacticTrader.projitems*{1e1bcd35-5364-43a8-8db6-9af491e32162}*SharedItemsImports = 13
	EndGlobalSection
	GlobalSection(SolutionConfigurationPlatforms) = preSolution
		Debug|Any CPU = Debug|Any CPU
		Debug|ARM = Debug|ARM
		Debug|iPhone = Debug|iPhone
		Debug|iPhoneSimulator = Debug|iPhoneSimulator
		Debug|x64 = Debug|x64
		Debug|x86 = Debug|x86
		Release|Any CPU = Release|Any CPU
		Release|ARM = Release|ARM
		Release|iPhone = Release|iPhone
		Release|iPhoneSimulator = Release|iPhoneSimulator
		Release|x64 = Release|x64
		Release|x86 = Release|x86
	EndGlobalSection
	GlobalSection(ProjectConfigurationPlatforms) = postSolution
		{31A2164F-E1A9-466D-AAA5-18D27A443ED7}.Debug|Any CPU.ActiveCfg = Debug|Any CPU
		{31A2164F-E1A9-466D-AAA5-18D27A443ED7}.Debug|ARM.ActiveCfg = Debug|Any CPU
		{31A2164F-E1A9-466D-AAA5-18D27A443ED7}.Debug|ARM.Build.0 = Debug|Any CPU
		{31A2164F-E1A9-466D-AAA5-18D27A443ED7}.Debug|ARM.Deploy.0 = Debug|Any CPU
		{31A2164F-E1A9-466D-AAA5-18D27A443ED7}.Debug|iPhone.ActiveCfg = Debug|Any CPU
		{31A2164F-E1A9-466D-AAA5-18D27A443ED7}.Debug|iPhone.Build.0 = Debug|Any CPU
		{31A2164F-E1A9-466D-AAA5-18D27A443ED7}.Debug|iPhone.Deploy.0 = Debug|Any CPU
		{31A2164F-E1A9-466D-AAA5-18D27A443ED7}.Debug|iPhoneSimulator.ActiveCfg = Debug|Any CPU
		{31A2164F-E1A9-466D-AAA5-18D27A443ED7}.Debug|iPhoneSimulator.Build.0 = Debug|Any CPU
		{31A2164F-E1A9-466D-AAA5-18D27A443ED7}.Debug|iPhoneSimulator.Deploy.0 = Debug|Any CPU
		{31A2164F-E1A9-466D-AAA5-18D27A443ED7}.Debug|x64.ActiveCfg = Debug|Any CPU
		{31A2164F-E1A9-466D-AAA5-18D27A443ED7}.Debug|x64.Build.0 = Debug|Any CPU
		{31A2164F-E1A9-466D-AAA5-18D27A443ED7}.Debug|x64.Deploy.0 = Debug|Any CPU
		{31A2164F-E1A9-466D-AAA5-18D27A443ED7}.Debug|x86.ActiveCfg = Debug|Any CPU
		{31A2164F-E1A9-466D-AAA5-18D27A443ED7}.Debug|x86.Build.0 = Debug|Any CPU
		{31A2164F-E1A9-466D-AAA5-18D27A443ED7}.Debug|x86.Deploy.0 = Debug|Any CPU
		{31A2164F-E1A9-466D-AAA5-18D27A443ED7}.Release|Any CPU.ActiveCfg = Release|Any CPU
		{31A2164F-E1A9-466D-AAA5-18D27A443ED7}.Release|Any CPU.Build.0 = Release|Any CPU
		{31A2164F-E1A9-466D-AAA5-18D27A443ED7}.Release|Any CPU.Deploy.0 = Release|Any CPU
		{31A2164F-E1A9-466D-AAA5-18D27A443ED7}.Release|ARM.ActiveCfg = Release|Any CPU
		{31A2164F-E1A9-466D-AAA5-18D27A443ED7}.Release|ARM.Build.0 = Release|Any CPU
		{31A2164F-E1A9-466D-AAA5-18D27A443ED7}.Release|ARM.Deploy.0 = Release|Any CPU
		{31A2164F-E1A9-466D-AAA5-18D27A443ED7}.Release|iPhone.ActiveCfg = Release|Any CPU
		{31A2164F-E1A9-466D-AAA5-18D27A443ED7}.Release|iPhone.Build.0 = Release|Any CPU
		{31A2164F-E1A9-466D-AAA5-18D27A443ED7}.Release|iPhone.Deploy.0 = Release|Any CPU
		{31A2164F-E1A9-466D-AAA5-18D27A443ED7}.Release|iPhoneSimulator.ActiveCfg = Release|Any CPU
		{31A2164F-E1A9-466D-AAA5-18D27A443ED7}.Release|iPhoneSimulator.Build.0 = Release|Any CPU
		{31A2164F-E1A9-466D-AAA5-18D27A443ED7}.Release|iPhoneSimulator.Deploy.0 = Release|Any CPU
		{31A2164F-E1A9-466D-AAA5-18D27A443ED7}.Release|x64.ActiveCfg = Release|Any CPU
		{31A2164F-E1A9-466D-AAA5-18D27A443ED7}.Release|x64.Build.0 = Release|Any CPU
		{31A2164F-E1A9-466D-AAA5-18D27A443ED7}.Release|x64.Deploy.0 = Release|Any CPU
		{31A2164F-E1A9-466D-AAA5-18D27A443ED7}.Release|x86.ActiveCfg = Release|Any CPU
		{31A2164F-E1A9-466D-AAA5-18D27A443ED7}.Release|x86.Build.0 = Release|Any CPU
		{31A2164F-E1A9-466D-AAA5-18D27A443ED7}.Release|x86.Deploy.0 = Release|Any CPU
		{4DB22BE2-9AAB-42AF-A061-006D6CB0B31E}.Debug|Any CPU.ActiveCfg = Debug|iPhone
		{4DB22BE2-9AAB-42AF-A061-006D6CB0B31E}.Debug|ARM.ActiveCfg = Debug|iPhone
		{4DB22BE2-9AAB-42AF-A061-006D6CB0B31E}.Debug|iPhone.ActiveCfg = Debug|iPhone
		{4DB22BE2-9AAB-42AF-A061-006D6CB0B31E}.Debug|iPhone.Build.0 = Debug|iPhone
		{4DB22BE2-9AAB-42AF-A061-006D6CB0B31E}.Debug|iPhoneSimulator.ActiveCfg = Debug|iPhoneSimulator
		{4DB22BE2-9AAB-42AF-A061-006D6CB0B31E}.Debug|iPhoneSimulator.Build.0 = Debug|iPhoneSimulator
		{4DB22BE2-9AAB-42AF-A061-006D6CB0B31E}.Debug|x64.ActiveCfg = Debug|iPhone
		{4DB22BE2-9AAB-42AF-A061-006D6CB0B31E}.Debug|x86.ActiveCfg = Debug|iPhone
		{4DB22BE2-9AAB-42AF-A061-006D6CB0B31E}.Release|Any CPU.ActiveCfg = Release|iPhone
		{4DB22BE2-9AAB-42AF-A061-006D6CB0B31E}.Release|ARM.ActiveCfg = Release|iPhone
		{4DB22BE2-9AAB-42AF-A061-006D6CB0B31E}.Release|iPhone.ActiveCfg = Release|iPhone
		{4DB22BE2-9AAB-42AF-A061-006D6CB0B31E}.Release|iPhone.Build.0 = Release|iPhone
		{4DB22BE2-9AAB-42AF-A061-006D6CB0B31E}.Release|iPhoneSimulator.ActiveCfg = Release|iPhoneSimulator
		{4DB22BE2-9AAB-42AF-A061-006D6CB0B31E}.Release|iPhoneSimulator.Build.0 = Release|iPhoneSimulator
		{4DB22BE2-9AAB-42AF-A061-006D6CB0B31E}.Release|x64.ActiveCfg = Release|iPhone
		{4DB22BE2-9AAB-42AF-A061-006D6CB0B31E}.Release|x86.ActiveCfg = Release|iPhone
		{064932CF-5AF2-4E1C-ADD5-E76373FDCF3E}.Debug|Any CPU.ActiveCfg = Debug|x86
		{064932CF-5AF2-4E1C-ADD5-E76373FDCF3E}.Debug|Any CPU.Build.0 = Debug|x86
		{064932CF-5AF2-4E1C-ADD5-E76373FDCF3E}.Debug|Any CPU.Deploy.0 = Debug|x86
		{064932CF-5AF2-4E1C-ADD5-E76373FDCF3E}.Debug|ARM.ActiveCfg = Debug|ARM
		{064932CF-5AF2-4E1C-ADD5-E76373FDCF3E}.Debug|ARM.Build.0 = Debug|ARM
		{064932CF-5AF2-4E1C-ADD5-E76373FDCF3E}.Debug|ARM.Deploy.0 = Debug|ARM
		{064932CF-5AF2-4E1C-ADD5-E76373FDCF3E}.Debug|iPhone.ActiveCfg = Debug|x86
		{064932CF-5AF2-4E1C-ADD5-E76373FDCF3E}.Debug|iPhoneSimulator.ActiveCfg = Debug|x86
		{064932CF-5AF2-4E1C-ADD5-E76373FDCF3E}.Debug|x64.ActiveCfg = Debug|x64
		{064932CF-5AF2-4E1C-ADD5-E76373FDCF3E}.Debug|x64.Build.0 = Debug|x64
		{064932CF-5AF2-4E1C-ADD5-E76373FDCF3E}.Debug|x64.Deploy.0 = Debug|x64
		{064932CF-5AF2-4E1C-ADD5-E76373FDCF3E}.Debug|x86.ActiveCfg = Debug|x86
		{064932CF-5AF2-4E1C-ADD5-E76373FDCF3E}.Debug|x86.Build.0 = Debug|x86
		{064932CF-5AF2-4E1C-ADD5-E76373FDCF3E}.Debug|x86.Deploy.0 = Debug|x86
		{064932CF-5AF2-4E1C-ADD5-E76373FDCF3E}.Release|Any CPU.ActiveCfg = Release|x86
		{064932CF-5AF2-4E1C-ADD5-E76373FDCF3E}.Release|ARM.ActiveCfg = Release|ARM
		{064932CF-5AF2-4E1C-ADD5-E76373FDCF3E}.Release|ARM.Build.0 = Release|ARM
		{064932CF-5AF2-4E1C-ADD5-E76373FDCF3E}.Release|ARM.Deploy.0 = Release|ARM
		{064932CF-5AF2-4E1C-ADD5-E76373FDCF3E}.Release|iPhone.ActiveCfg = Release|x86
		{064932CF-5AF2-4E1C-ADD5-E76373FDCF3E}.Release|iPhoneSimulator.ActiveCfg = Release|x86
		{064932CF-5AF2-4E1C-ADD5-E76373FDCF3E}.Release|x64.ActiveCfg = Release|x64
		{064932CF-5AF2-4E1C-ADD5-E76373FDCF3E}.Release|x64.Build.0 = Release|x64
		{064932CF-5AF2-4E1C-ADD5-E76373FDCF3E}.Release|x64.Deploy.0 = Release|x64
		{064932CF-5AF2-4E1C-ADD5-E76373FDCF3E}.Release|x86.ActiveCfg = Release|x86
		{064932CF-5AF2-4E1C-ADD5-E76373FDCF3E}.Release|x86.Build.0 = Release|x86
		{064932CF-5AF2-4E1C-ADD5-E76373FDCF3E}.Release|x86.Deploy.0 = Release|x86
	EndGlobalSection
	GlobalSection(SolutionProperties) = preSolution
		HideSolutionNode = FALSE
	EndGlobalSection
EndGlobal
